// !$*UTF8*$!
{
	archiveVersion = 1;
	classes = {
	};
	objectVersion = 56;
	objects = {

/* Begin PBXBuildFile section */
		6C3305442D711B9F009D0098 /* LogInAssembly.swift in Sources */ = {isa = PBXBuildFile; fileRef = 6C3305432D711B9F009D0098 /* LogInAssembly.swift */; };
		6C3305462D711D05009D0098 /* MainInteractor.swift in Sources */ = {isa = PBXBuildFile; fileRef = 6C3305452D711D05009D0098 /* MainInteractor.swift */; };
		6C3305482D711D28009D0098 /* MainPresenter.swift in Sources */ = {isa = PBXBuildFile; fileRef = 6C3305472D711D28009D0098 /* MainPresenter.swift */; };
		6C33054A2D711D45009D0098 /* MainRouter.swift in Sources */ = {isa = PBXBuildFile; fileRef = 6C3305492D711D45009D0098 /* MainRouter.swift */; };
		6C33054C2D711E1A009D0098 /* MainModel.swift in Sources */ = {isa = PBXBuildFile; fileRef = 6C33054B2D711E1A009D0098 /* MainModel.swift */; };
		6C33054E2D711E2B009D0098 /* MainAssembly.swift in Sources */ = {isa = PBXBuildFile; fileRef = 6C33054D2D711E2B009D0098 /* MainAssembly.swift */; };
		6C3305512D712248009D0098 /* ProfileModel.swift in Sources */ = {isa = PBXBuildFile; fileRef = 6C3305502D712248009D0098 /* ProfileModel.swift */; };
		6C3305532D712268009D0098 /* ProfileRouter.swift in Sources */ = {isa = PBXBuildFile; fileRef = 6C3305522D712268009D0098 /* ProfileRouter.swift */; };
		6C3305552D71284F009D0098 /* ProfileInteractor.swift in Sources */ = {isa = PBXBuildFile; fileRef = 6C3305542D71284F009D0098 /* ProfileInteractor.swift */; };
		6C3305572D71287C009D0098 /* ProfilePresenter.swift in Sources */ = {isa = PBXBuildFile; fileRef = 6C3305562D71287C009D0098 /* ProfilePresenter.swift */; };
		6C3305592D7128F2009D0098 /* ProfileAssembly.swift in Sources */ = {isa = PBXBuildFile; fileRef = 6C3305582D7128F2009D0098 /* ProfileAssembly.swift */; };
		6C33055B2D712B82009D0098 /* SettingsViewController.swift in Sources */ = {isa = PBXBuildFile; fileRef = 6C33055A2D712B82009D0098 /* SettingsViewController.swift */; };
		6C33055D2D712B90009D0098 /* SettingsPresenter.swift in Sources */ = {isa = PBXBuildFile; fileRef = 6C33055C2D712B90009D0098 /* SettingsPresenter.swift */; };
		6C33055F2D712B9E009D0098 /* SettingsInteractor.swift in Sources */ = {isa = PBXBuildFile; fileRef = 6C33055E2D712B9E009D0098 /* SettingsInteractor.swift */; };
		6C3305612D712BA9009D0098 /* SettingsModel.swift in Sources */ = {isa = PBXBuildFile; fileRef = 6C3305602D712BA9009D0098 /* SettingsModel.swift */; };
		6C3305632D712BC6009D0098 /* SettingsRouter.swift in Sources */ = {isa = PBXBuildFile; fileRef = 6C3305622D712BC6009D0098 /* SettingsRouter.swift */; };
		6C3305652D712BD1009D0098 /* SettingsAssembly.swift in Sources */ = {isa = PBXBuildFile; fileRef = 6C3305642D712BD1009D0098 /* SettingsAssembly.swift */; };
		6C3305A92D74EE7D009D0098 /* ProceduresViewController.swift in Sources */ = {isa = PBXBuildFile; fileRef = 6C3305A82D74EE7D009D0098 /* ProceduresViewController.swift */; };
		6C3305AB2D74EE90009D0098 /* ProceduresPresenter.swift in Sources */ = {isa = PBXBuildFile; fileRef = 6C3305AA2D74EE90009D0098 /* ProceduresPresenter.swift */; };
		6C3305AD2D74EE99009D0098 /* ProceduresInteractor.swift in Sources */ = {isa = PBXBuildFile; fileRef = 6C3305AC2D74EE99009D0098 /* ProceduresInteractor.swift */; };
		6C3305AF2D74EEA6009D0098 /* ProceduresModel.swift in Sources */ = {isa = PBXBuildFile; fileRef = 6C3305AE2D74EEA6009D0098 /* ProceduresModel.swift */; };
		6C3305B12D74EEB3009D0098 /* ProceduresRouter.swift in Sources */ = {isa = PBXBuildFile; fileRef = 6C3305B02D74EEB3009D0098 /* ProceduresRouter.swift */; };
		6C3305B32D74EEBD009D0098 /* ProceduresAssembly.swift in Sources */ = {isa = PBXBuildFile; fileRef = 6C3305B22D74EEBD009D0098 /* ProceduresAssembly.swift */; };
		6C3305B52D74F179009D0098 /* procedures.json in Resources */ = {isa = PBXBuildFile; fileRef = 6C3305B42D74F179009D0098 /* procedures.json */; };
		6C3305B62D74F179009D0098 /* procedures.json in Resources */ = {isa = PBXBuildFile; fileRef = 6C3305B42D74F179009D0098 /* procedures.json */; };
		6C3305B72D74F179009D0098 /* procedures.json in Resources */ = {isa = PBXBuildFile; fileRef = 6C3305B42D74F179009D0098 /* procedures.json */; };
		6C3305B92D76518A009D0098 /* GoogleService-Info.plist in Resources */ = {isa = PBXBuildFile; fileRef = 6C3305B82D76518A009D0098 /* GoogleService-Info.plist */; };
		6C3305BA2D76518A009D0098 /* GoogleService-Info.plist in Resources */ = {isa = PBXBuildFile; fileRef = 6C3305B82D76518A009D0098 /* GoogleService-Info.plist */; };
		6C3305BB2D76518A009D0098 /* GoogleService-Info.plist in Resources */ = {isa = PBXBuildFile; fileRef = 6C3305B82D76518A009D0098 /* GoogleService-Info.plist */; };
		6C3305BE2D76533D009D0098 /* FirebaseAnalytics in Frameworks */ = {isa = PBXBuildFile; productRef = 6C3305BD2D76533D009D0098 /* FirebaseAnalytics */; };
		6C3305C02D76533D009D0098 /* FirebaseAnalyticsOnDeviceConversion in Frameworks */ = {isa = PBXBuildFile; productRef = 6C3305BF2D76533D009D0098 /* FirebaseAnalyticsOnDeviceConversion */; };
		6C3305C22D76533D009D0098 /* FirebaseAppCheck in Frameworks */ = {isa = PBXBuildFile; productRef = 6C3305C12D76533D009D0098 /* FirebaseAppCheck */; };
		6C3305C42D76533D009D0098 /* FirebaseAppDistribution-Beta in Frameworks */ = {isa = PBXBuildFile; productRef = 6C3305C32D76533D009D0098 /* FirebaseAppDistribution-Beta */; };
		6C3305C62D76533D009D0098 /* FirebaseAuth in Frameworks */ = {isa = PBXBuildFile; productRef = 6C3305C52D76533D009D0098 /* FirebaseAuth */; };
		6C3305C82D76533D009D0098 /* FirebaseAuthCombine-Community in Frameworks */ = {isa = PBXBuildFile; productRef = 6C3305C72D76533D009D0098 /* FirebaseAuthCombine-Community */; };
		6C3305CA2D76533D009D0098 /* FirebaseCore in Frameworks */ = {isa = PBXBuildFile; productRef = 6C3305C92D76533D009D0098 /* FirebaseCore */; };
		6C3305CC2D76533D009D0098 /* FirebaseCrashlytics in Frameworks */ = {isa = PBXBuildFile; productRef = 6C3305CB2D76533D009D0098 /* FirebaseCrashlytics */; };
		6C3305CE2D76533D009D0098 /* FirebaseDatabase in Frameworks */ = {isa = PBXBuildFile; productRef = 6C3305CD2D76533D009D0098 /* FirebaseDatabase */; };
		6C3305D02D76533D009D0098 /* FirebaseDynamicLinks in Frameworks */ = {isa = PBXBuildFile; productRef = 6C3305CF2D76533D009D0098 /* FirebaseDynamicLinks */; };
		6C3305D22D76533D009D0098 /* FirebaseFirestore in Frameworks */ = {isa = PBXBuildFile; productRef = 6C3305D12D76533D009D0098 /* FirebaseFirestore */; };
		6C3305D42D76533D009D0098 /* FirebaseFirestoreCombine-Community in Frameworks */ = {isa = PBXBuildFile; productRef = 6C3305D32D76533D009D0098 /* FirebaseFirestoreCombine-Community */; };
		6C3305D62D76533D009D0098 /* FirebaseFunctions in Frameworks */ = {isa = PBXBuildFile; productRef = 6C3305D52D76533D009D0098 /* FirebaseFunctions */; };
		6C3305D82D76533D009D0098 /* FirebaseFunctionsCombine-Community in Frameworks */ = {isa = PBXBuildFile; productRef = 6C3305D72D76533D009D0098 /* FirebaseFunctionsCombine-Community */; };
		6C3305DA2D76533D009D0098 /* FirebaseInAppMessaging-Beta in Frameworks */ = {isa = PBXBuildFile; productRef = 6C3305D92D76533D009D0098 /* FirebaseInAppMessaging-Beta */; };
		6C3305DC2D76533D009D0098 /* FirebaseInstallations in Frameworks */ = {isa = PBXBuildFile; productRef = 6C3305DB2D76533D009D0098 /* FirebaseInstallations */; };
		6C3305DE2D76533D009D0098 /* FirebaseMLModelDownloader in Frameworks */ = {isa = PBXBuildFile; productRef = 6C3305DD2D76533D009D0098 /* FirebaseMLModelDownloader */; };
		6C3305E02D76533D009D0098 /* FirebaseMessaging in Frameworks */ = {isa = PBXBuildFile; productRef = 6C3305DF2D76533D009D0098 /* FirebaseMessaging */; };
		6C3305E22D76533D009D0098 /* FirebasePerformance in Frameworks */ = {isa = PBXBuildFile; productRef = 6C3305E12D76533D009D0098 /* FirebasePerformance */; };
		6C3305E42D76533D009D0098 /* FirebaseRemoteConfig in Frameworks */ = {isa = PBXBuildFile; productRef = 6C3305E32D76533D009D0098 /* FirebaseRemoteConfig */; };
		6C3305E62D76533D009D0098 /* FirebaseStorage in Frameworks */ = {isa = PBXBuildFile; productRef = 6C3305E52D76533D009D0098 /* FirebaseStorage */; };
		6C3305E82D76533D009D0098 /* FirebaseStorageCombine-Community in Frameworks */ = {isa = PBXBuildFile; productRef = 6C3305E72D76533D009D0098 /* FirebaseStorageCombine-Community */; };
		6C3305EA2D76533D009D0098 /* FirebaseVertexAI in Frameworks */ = {isa = PBXBuildFile; productRef = 6C3305E92D76533D009D0098 /* FirebaseVertexAI */; };
		6CBB62992D5B6CAA00712175 /* CustomFont.ttf in Resources */ = {isa = PBXBuildFile; fileRef = 6CBB62982D5B6CAA00712175 /* CustomFont.ttf */; };
		6CBB629A2D5B6CAA00712175 /* CustomFont.ttf in Resources */ = {isa = PBXBuildFile; fileRef = 6CBB62982D5B6CAA00712175 /* CustomFont.ttf */; };
		6CBB629B2D5B6CAA00712175 /* CustomFont.ttf in Resources */ = {isa = PBXBuildFile; fileRef = 6CBB62982D5B6CAA00712175 /* CustomFont.ttf */; };
		6CBB629D2D5B7EAB00712175 /* WelcomeAssembly.swift in Sources */ = {isa = PBXBuildFile; fileRef = 6CBB629C2D5B7EAB00712175 /* WelcomeAssembly.swift */; };
		6CBB629E2D5B7EAB00712175 /* WelcomeAssembly.swift in Sources */ = {isa = PBXBuildFile; fileRef = 6CBB629C2D5B7EAB00712175 /* WelcomeAssembly.swift */; };
		6CBB629F2D5B7EAB00712175 /* WelcomeAssembly.swift in Sources */ = {isa = PBXBuildFile; fileRef = 6CBB629C2D5B7EAB00712175 /* WelcomeAssembly.swift */; };
		6CCA14AD2D69FBAA00C37E53 /* ProfileViewController.swift in Sources */ = {isa = PBXBuildFile; fileRef = 6CCA14AC2D69FBAA00C37E53 /* ProfileViewController.swift */; };
		6CCA14AF2D69FD5B00C37E53 /* SingInAssembly.swift in Sources */ = {isa = PBXBuildFile; fileRef = 6CCA14AE2D69FD5B00C37E53 /* SingInAssembly.swift */; };
		6CF418872D51BF6F00E9FA08 /* AppDelegate.swift in Sources */ = {isa = PBXBuildFile; fileRef = 6CF418862D51BF6F00E9FA08 /* AppDelegate.swift */; };
		6CF418892D51BF6F00E9FA08 /* SceneDelegate.swift in Sources */ = {isa = PBXBuildFile; fileRef = 6CF418882D51BF6F00E9FA08 /* SceneDelegate.swift */; };
		6CF418902D51BF7100E9FA08 /* Assets.xcassets in Resources */ = {isa = PBXBuildFile; fileRef = 6CF4188F2D51BF7100E9FA08 /* Assets.xcassets */; };
		6CF418932D51BF7100E9FA08 /* LaunchScreen.storyboard in Resources */ = {isa = PBXBuildFile; fileRef = 6CF418912D51BF7100E9FA08 /* LaunchScreen.storyboard */; };
		6CF4189E2D51BF7100E9FA08 /* malova_appTests.swift in Sources */ = {isa = PBXBuildFile; fileRef = 6CF4189D2D51BF7100E9FA08 /* malova_appTests.swift */; };
		6CF418A82D51BF7100E9FA08 /* malova_appUITests.swift in Sources */ = {isa = PBXBuildFile; fileRef = 6CF418A72D51BF7100E9FA08 /* malova_appUITests.swift */; };
		6CF418AA2D51BF7100E9FA08 /* malova_appUITestsLaunchTests.swift in Sources */ = {isa = PBXBuildFile; fileRef = 6CF418A92D51BF7100E9FA08 /* malova_appUITestsLaunchTests.swift */; };
		6CF418F92D51C12F00E9FA08 /* WelcomeViewController.swift in Sources */ = {isa = PBXBuildFile; fileRef = 6CF418F82D51C12F00E9FA08 /* WelcomeViewController.swift */; };
		6CF418FC2D51C1CA00E9FA08 /* UIView+Pin.swift in Sources */ = {isa = PBXBuildFile; fileRef = 6CF418FB2D51C1CA00E9FA08 /* UIView+Pin.swift */; };
		6CF418FE2D51C20B00E9FA08 /* HEX.swift in Sources */ = {isa = PBXBuildFile; fileRef = 6CF418FD2D51C20B00E9FA08 /* HEX.swift */; };
		6CF419002D51C22000E9FA08 /* BackgroundPhoto.swift in Sources */ = {isa = PBXBuildFile; fileRef = 6CF418FF2D51C22000E9FA08 /* BackgroundPhoto.swift */; };
		6CF419022D51C24700E9FA08 /* WelcomeInteractor.swift in Sources */ = {isa = PBXBuildFile; fileRef = 6CF419012D51C24700E9FA08 /* WelcomeInteractor.swift */; };
		6CF419042D51C26600E9FA08 /* WelcomePresenter.swift in Sources */ = {isa = PBXBuildFile; fileRef = 6CF419032D51C26600E9FA08 /* WelcomePresenter.swift */; };
		6CF419062D51C2A600E9FA08 /* WelcomeRouter.swift in Sources */ = {isa = PBXBuildFile; fileRef = 6CF419052D51C2A600E9FA08 /* WelcomeRouter.swift */; };
		6CF419082D51C2DF00E9FA08 /* WelcomeModel.swift in Sources */ = {isa = PBXBuildFile; fileRef = 6CF419072D51C2DF00E9FA08 /* WelcomeModel.swift */; };
		6CF4190B2D51C33700E9FA08 /* SingInViewController.swift in Sources */ = {isa = PBXBuildFile; fileRef = 6CF4190A2D51C33700E9FA08 /* SingInViewController.swift */; };
		6CF4190D2D51C34C00E9FA08 /* SingInInteractor.swift in Sources */ = {isa = PBXBuildFile; fileRef = 6CF4190C2D51C34C00E9FA08 /* SingInInteractor.swift */; };
		6CF4190F2D51C36800E9FA08 /* SingInPresenter.swift in Sources */ = {isa = PBXBuildFile; fileRef = 6CF4190E2D51C36800E9FA08 /* SingInPresenter.swift */; };
		6CF419112D51C38D00E9FA08 /* SingInRouter.swift in Sources */ = {isa = PBXBuildFile; fileRef = 6CF419102D51C38D00E9FA08 /* SingInRouter.swift */; };
		6CF419132D51C39F00E9FA08 /* SingInModel.swift in Sources */ = {isa = PBXBuildFile; fileRef = 6CF419122D51C39F00E9FA08 /* SingInModel.swift */; };
		6CF419162D51C3E600E9FA08 /* LogInViewController.swift in Sources */ = {isa = PBXBuildFile; fileRef = 6CF419152D51C3E600E9FA08 /* LogInViewController.swift */; };
		6CF419182D51C40400E9FA08 /* LogInInteractor.swift in Sources */ = {isa = PBXBuildFile; fileRef = 6CF419172D51C40400E9FA08 /* LogInInteractor.swift */; };
		6CF4191A2D51C40E00E9FA08 /* LogInPresenter.swift in Sources */ = {isa = PBXBuildFile; fileRef = 6CF419192D51C40E00E9FA08 /* LogInPresenter.swift */; };
		6CF4191C2D51C41A00E9FA08 /* LogInRouter.swift in Sources */ = {isa = PBXBuildFile; fileRef = 6CF4191B2D51C41A00E9FA08 /* LogInRouter.swift */; };
		6CF4191E2D51C42100E9FA08 /* LogInModel.swift in Sources */ = {isa = PBXBuildFile; fileRef = 6CF4191D2D51C42100E9FA08 /* LogInModel.swift */; };
		6CF419212D51C44A00E9FA08 /* MainViewController.swift in Sources */ = {isa = PBXBuildFile; fileRef = 6CF419202D51C44A00E9FA08 /* MainViewController.swift */; };
/* End PBXBuildFile section */

/* Begin PBXContainerItemProxy section */
		6CF4189A2D51BF7100E9FA08 /* PBXContainerItemProxy */ = {
			isa = PBXContainerItemProxy;
			containerPortal = 6CF4187B2D51BF6F00E9FA08 /* Project object */;
			proxyType = 1;
			remoteGlobalIDString = 6CF418822D51BF6F00E9FA08;
			remoteInfo = malova_app;
		};
		6CF418A42D51BF7100E9FA08 /* PBXContainerItemProxy */ = {
			isa = PBXContainerItemProxy;
			containerPortal = 6CF4187B2D51BF6F00E9FA08 /* Project object */;
			proxyType = 1;
			remoteGlobalIDString = 6CF418822D51BF6F00E9FA08;
			remoteInfo = malova_app;
		};
/* End PBXContainerItemProxy section */

/* Begin PBXFileReference section */
		6C3305432D711B9F009D0098 /* LogInAssembly.swift */ = {isa = PBXFileReference; lastKnownFileType = sourcecode.swift; path = LogInAssembly.swift; sourceTree = "<group>"; };
		6C3305452D711D05009D0098 /* MainInteractor.swift */ = {isa = PBXFileReference; lastKnownFileType = sourcecode.swift; path = MainInteractor.swift; sourceTree = "<group>"; };
		6C3305472D711D28009D0098 /* MainPresenter.swift */ = {isa = PBXFileReference; lastKnownFileType = sourcecode.swift; path = MainPresenter.swift; sourceTree = "<group>"; };
		6C3305492D711D45009D0098 /* MainRouter.swift */ = {isa = PBXFileReference; lastKnownFileType = sourcecode.swift; path = MainRouter.swift; sourceTree = "<group>"; };
		6C33054B2D711E1A009D0098 /* MainModel.swift */ = {isa = PBXFileReference; lastKnownFileType = sourcecode.swift; path = MainModel.swift; sourceTree = "<group>"; };
		6C33054D2D711E2B009D0098 /* MainAssembly.swift */ = {isa = PBXFileReference; lastKnownFileType = sourcecode.swift; path = MainAssembly.swift; sourceTree = "<group>"; };
		6C3305502D712248009D0098 /* ProfileModel.swift */ = {isa = PBXFileReference; lastKnownFileType = sourcecode.swift; path = ProfileModel.swift; sourceTree = "<group>"; };
		6C3305522D712268009D0098 /* ProfileRouter.swift */ = {isa = PBXFileReference; lastKnownFileType = sourcecode.swift; path = ProfileRouter.swift; sourceTree = "<group>"; };
		6C3305542D71284F009D0098 /* ProfileInteractor.swift */ = {isa = PBXFileReference; lastKnownFileType = sourcecode.swift; path = ProfileInteractor.swift; sourceTree = "<group>"; };
		6C3305562D71287C009D0098 /* ProfilePresenter.swift */ = {isa = PBXFileReference; lastKnownFileType = sourcecode.swift; path = ProfilePresenter.swift; sourceTree = "<group>"; };
		6C3305582D7128F2009D0098 /* ProfileAssembly.swift */ = {isa = PBXFileReference; lastKnownFileType = sourcecode.swift; path = ProfileAssembly.swift; sourceTree = "<group>"; };
		6C33055A2D712B82009D0098 /* SettingsViewController.swift */ = {isa = PBXFileReference; lastKnownFileType = sourcecode.swift; path = SettingsViewController.swift; sourceTree = "<group>"; };
		6C33055C2D712B90009D0098 /* SettingsPresenter.swift */ = {isa = PBXFileReference; lastKnownFileType = sourcecode.swift; path = SettingsPresenter.swift; sourceTree = "<group>"; };
		6C33055E2D712B9E009D0098 /* SettingsInteractor.swift */ = {isa = PBXFileReference; lastKnownFileType = sourcecode.swift; path = SettingsInteractor.swift; sourceTree = "<group>"; };
		6C3305602D712BA9009D0098 /* SettingsModel.swift */ = {isa = PBXFileReference; lastKnownFileType = sourcecode.swift; path = SettingsModel.swift; sourceTree = "<group>"; };
		6C3305622D712BC6009D0098 /* SettingsRouter.swift */ = {isa = PBXFileReference; lastKnownFileType = sourcecode.swift; path = SettingsRouter.swift; sourceTree = "<group>"; };
		6C3305642D712BD1009D0098 /* SettingsAssembly.swift */ = {isa = PBXFileReference; lastKnownFileType = sourcecode.swift; path = SettingsAssembly.swift; sourceTree = "<group>"; };
		6C3305A82D74EE7D009D0098 /* ProceduresViewController.swift */ = {isa = PBXFileReference; lastKnownFileType = sourcecode.swift; path = ProceduresViewController.swift; sourceTree = "<group>"; };
		6C3305AA2D74EE90009D0098 /* ProceduresPresenter.swift */ = {isa = PBXFileReference; lastKnownFileType = sourcecode.swift; path = ProceduresPresenter.swift; sourceTree = "<group>"; };
		6C3305AC2D74EE99009D0098 /* ProceduresInteractor.swift */ = {isa = PBXFileReference; lastKnownFileType = sourcecode.swift; path = ProceduresInteractor.swift; sourceTree = "<group>"; };
		6C3305AE2D74EEA6009D0098 /* ProceduresModel.swift */ = {isa = PBXFileReference; lastKnownFileType = sourcecode.swift; path = ProceduresModel.swift; sourceTree = "<group>"; };
		6C3305B02D74EEB3009D0098 /* ProceduresRouter.swift */ = {isa = PBXFileReference; lastKnownFileType = sourcecode.swift; path = ProceduresRouter.swift; sourceTree = "<group>"; };
		6C3305B22D74EEBD009D0098 /* ProceduresAssembly.swift */ = {isa = PBXFileReference; lastKnownFileType = sourcecode.swift; path = ProceduresAssembly.swift; sourceTree = "<group>"; };
		6C3305B42D74F179009D0098 /* procedures.json */ = {isa = PBXFileReference; fileEncoding = 4; lastKnownFileType = text.json; path = procedures.json; sourceTree = "<group>"; };
		6C3305B82D76518A009D0098 /* GoogleService-Info.plist */ = {isa = PBXFileReference; fileEncoding = 4; lastKnownFileType = text.plist.xml; path = "GoogleService-Info.plist"; sourceTree = "<group>"; };
		6CBB62982D5B6CAA00712175 /* CustomFont.ttf */ = {isa = PBXFileReference; lastKnownFileType = file; path = CustomFont.ttf; sourceTree = "<group>"; };
		6CBB629C2D5B7EAB00712175 /* WelcomeAssembly.swift */ = {isa = PBXFileReference; lastKnownFileType = sourcecode.swift; path = WelcomeAssembly.swift; sourceTree = "<group>"; };
		6CCA14AC2D69FBAA00C37E53 /* ProfileViewController.swift */ = {isa = PBXFileReference; lastKnownFileType = sourcecode.swift; path = ProfileViewController.swift; sourceTree = "<group>"; };
		6CCA14AE2D69FD5B00C37E53 /* SingInAssembly.swift */ = {isa = PBXFileReference; lastKnownFileType = sourcecode.swift; path = SingInAssembly.swift; sourceTree = "<group>"; };
		6CF418832D51BF6F00E9FA08 /* malova_app.app */ = {isa = PBXFileReference; explicitFileType = wrapper.application; includeInIndex = 0; path = malova_app.app; sourceTree = BUILT_PRODUCTS_DIR; };
		6CF418862D51BF6F00E9FA08 /* AppDelegate.swift */ = {isa = PBXFileReference; lastKnownFileType = sourcecode.swift; path = AppDelegate.swift; sourceTree = "<group>"; };
		6CF418882D51BF6F00E9FA08 /* SceneDelegate.swift */ = {isa = PBXFileReference; lastKnownFileType = sourcecode.swift; path = SceneDelegate.swift; sourceTree = "<group>"; };
		6CF4188F2D51BF7100E9FA08 /* Assets.xcassets */ = {isa = PBXFileReference; lastKnownFileType = folder.assetcatalog; path = Assets.xcassets; sourceTree = "<group>"; };
		6CF418922D51BF7100E9FA08 /* Base */ = {isa = PBXFileReference; lastKnownFileType = file.storyboard; name = Base; path = Base.lproj/LaunchScreen.storyboard; sourceTree = "<group>"; };
		6CF418942D51BF7100E9FA08 /* Info.plist */ = {isa = PBXFileReference; lastKnownFileType = text.plist.xml; path = Info.plist; sourceTree = "<group>"; };
		6CF418992D51BF7100E9FA08 /* malova_appTests.xctest */ = {isa = PBXFileReference; explicitFileType = wrapper.cfbundle; includeInIndex = 0; path = malova_appTests.xctest; sourceTree = BUILT_PRODUCTS_DIR; };
		6CF4189D2D51BF7100E9FA08 /* malova_appTests.swift */ = {isa = PBXFileReference; lastKnownFileType = sourcecode.swift; path = malova_appTests.swift; sourceTree = "<group>"; };
		6CF418A32D51BF7100E9FA08 /* malova_appUITests.xctest */ = {isa = PBXFileReference; explicitFileType = wrapper.cfbundle; includeInIndex = 0; path = malova_appUITests.xctest; sourceTree = BUILT_PRODUCTS_DIR; };
		6CF418A72D51BF7100E9FA08 /* malova_appUITests.swift */ = {isa = PBXFileReference; lastKnownFileType = sourcecode.swift; path = malova_appUITests.swift; sourceTree = "<group>"; };
		6CF418A92D51BF7100E9FA08 /* malova_appUITestsLaunchTests.swift */ = {isa = PBXFileReference; lastKnownFileType = sourcecode.swift; path = malova_appUITestsLaunchTests.swift; sourceTree = "<group>"; };
		6CF418F82D51C12F00E9FA08 /* WelcomeViewController.swift */ = {isa = PBXFileReference; lastKnownFileType = sourcecode.swift; path = WelcomeViewController.swift; sourceTree = "<group>"; };
		6CF418FB2D51C1CA00E9FA08 /* UIView+Pin.swift */ = {isa = PBXFileReference; lastKnownFileType = sourcecode.swift; path = "UIView+Pin.swift"; sourceTree = "<group>"; };
		6CF418FD2D51C20B00E9FA08 /* HEX.swift */ = {isa = PBXFileReference; lastKnownFileType = sourcecode.swift; path = HEX.swift; sourceTree = "<group>"; };
		6CF418FF2D51C22000E9FA08 /* BackgroundPhoto.swift */ = {isa = PBXFileReference; lastKnownFileType = sourcecode.swift; path = BackgroundPhoto.swift; sourceTree = "<group>"; };
		6CF419012D51C24700E9FA08 /* WelcomeInteractor.swift */ = {isa = PBXFileReference; lastKnownFileType = sourcecode.swift; path = WelcomeInteractor.swift; sourceTree = "<group>"; };
		6CF419032D51C26600E9FA08 /* WelcomePresenter.swift */ = {isa = PBXFileReference; lastKnownFileType = sourcecode.swift; path = WelcomePresenter.swift; sourceTree = "<group>"; };
		6CF419052D51C2A600E9FA08 /* WelcomeRouter.swift */ = {isa = PBXFileReference; lastKnownFileType = sourcecode.swift; path = WelcomeRouter.swift; sourceTree = "<group>"; };
		6CF419072D51C2DF00E9FA08 /* WelcomeModel.swift */ = {isa = PBXFileReference; lastKnownFileType = sourcecode.swift; path = WelcomeModel.swift; sourceTree = "<group>"; };
		6CF4190A2D51C33700E9FA08 /* SingInViewController.swift */ = {isa = PBXFileReference; lastKnownFileType = sourcecode.swift; path = SingInViewController.swift; sourceTree = "<group>"; };
		6CF4190C2D51C34C00E9FA08 /* SingInInteractor.swift */ = {isa = PBXFileReference; lastKnownFileType = sourcecode.swift; path = SingInInteractor.swift; sourceTree = "<group>"; };
		6CF4190E2D51C36800E9FA08 /* SingInPresenter.swift */ = {isa = PBXFileReference; lastKnownFileType = sourcecode.swift; path = SingInPresenter.swift; sourceTree = "<group>"; };
		6CF419102D51C38D00E9FA08 /* SingInRouter.swift */ = {isa = PBXFileReference; lastKnownFileType = sourcecode.swift; path = SingInRouter.swift; sourceTree = "<group>"; };
		6CF419122D51C39F00E9FA08 /* SingInModel.swift */ = {isa = PBXFileReference; lastKnownFileType = sourcecode.swift; path = SingInModel.swift; sourceTree = "<group>"; };
		6CF419152D51C3E600E9FA08 /* LogInViewController.swift */ = {isa = PBXFileReference; lastKnownFileType = sourcecode.swift; path = LogInViewController.swift; sourceTree = "<group>"; };
		6CF419172D51C40400E9FA08 /* LogInInteractor.swift */ = {isa = PBXFileReference; lastKnownFileType = sourcecode.swift; path = LogInInteractor.swift; sourceTree = "<group>"; };
		6CF419192D51C40E00E9FA08 /* LogInPresenter.swift */ = {isa = PBXFileReference; lastKnownFileType = sourcecode.swift; path = LogInPresenter.swift; sourceTree = "<group>"; };
		6CF4191B2D51C41A00E9FA08 /* LogInRouter.swift */ = {isa = PBXFileReference; lastKnownFileType = sourcecode.swift; path = LogInRouter.swift; sourceTree = "<group>"; };
		6CF4191D2D51C42100E9FA08 /* LogInModel.swift */ = {isa = PBXFileReference; lastKnownFileType = sourcecode.swift; path = LogInModel.swift; sourceTree = "<group>"; };
		6CF419202D51C44A00E9FA08 /* MainViewController.swift */ = {isa = PBXFileReference; lastKnownFileType = sourcecode.swift; path = MainViewController.swift; sourceTree = "<group>"; };
/* End PBXFileReference section */

/* Begin PBXFrameworksBuildPhase section */
		6CF418802D51BF6F00E9FA08 /* Frameworks */ = {
			isa = PBXFrameworksBuildPhase;
			buildActionMask = 2147483647;
			files = (
				6C3305E82D76533D009D0098 /* FirebaseStorageCombine-Community in Frameworks */,
				6C3305E02D76533D009D0098 /* FirebaseMessaging in Frameworks */,
				6C3305DE2D76533D009D0098 /* FirebaseMLModelDownloader in Frameworks */,
				6C3305BE2D76533D009D0098 /* FirebaseAnalytics in Frameworks */,
				6C3305C82D76533D009D0098 /* FirebaseAuthCombine-Community in Frameworks */,
				6C3305C62D76533D009D0098 /* FirebaseAuth in Frameworks */,
				6C3305C22D76533D009D0098 /* FirebaseAppCheck in Frameworks */,
				6C3305EA2D76533D009D0098 /* FirebaseVertexAI in Frameworks */,
				6C3305CA2D76533D009D0098 /* FirebaseCore in Frameworks */,
				6C3305CC2D76533D009D0098 /* FirebaseCrashlytics in Frameworks */,
				6C3305CE2D76533D009D0098 /* FirebaseDatabase in Frameworks */,
				6C3305D82D76533D009D0098 /* FirebaseFunctionsCombine-Community in Frameworks */,
				6C3305C02D76533D009D0098 /* FirebaseAnalyticsOnDeviceConversion in Frameworks */,
				6C3305E62D76533D009D0098 /* FirebaseStorage in Frameworks */,
				6C3305C42D76533D009D0098 /* FirebaseAppDistribution-Beta in Frameworks */,
				6C3305D62D76533D009D0098 /* FirebaseFunctions in Frameworks */,
				6C3305DC2D76533D009D0098 /* FirebaseInstallations in Frameworks */,
				6C3305E22D76533D009D0098 /* FirebasePerformance in Frameworks */,
				6C3305D42D76533D009D0098 /* FirebaseFirestoreCombine-Community in Frameworks */,
				6C3305D22D76533D009D0098 /* FirebaseFirestore in Frameworks */,
				6C3305D02D76533D009D0098 /* FirebaseDynamicLinks in Frameworks */,
				6C3305DA2D76533D009D0098 /* FirebaseInAppMessaging-Beta in Frameworks */,
				6C3305E42D76533D009D0098 /* FirebaseRemoteConfig in Frameworks */,
			);
			runOnlyForDeploymentPostprocessing = 0;
		};
		6CF418962D51BF7100E9FA08 /* Frameworks */ = {
			isa = PBXFrameworksBuildPhase;
			buildActionMask = 2147483647;
			files = (
			);
			runOnlyForDeploymentPostprocessing = 0;
		};
		6CF418A02D51BF7100E9FA08 /* Frameworks */ = {
			isa = PBXFrameworksBuildPhase;
			buildActionMask = 2147483647;
			files = (
			);
			runOnlyForDeploymentPostprocessing = 0;
		};
/* End PBXFrameworksBuildPhase section */

/* Begin PBXGroup section */
		6C33054F2D711EB9009D0098 /* FaceScanScreen */ = {
			isa = PBXGroup;
			children = (
			);
			path = FaceScanScreen;
			sourceTree = "<group>";
		};
		6CF4187A2D51BF6F00E9FA08 = {
			isa = PBXGroup;
			children = (
				6CF418852D51BF6F00E9FA08 /* malova_app */,
				6C3305B82D76518A009D0098 /* GoogleService-Info.plist */,
				6CF418FA2D51C1B500E9FA08 /* Helpers */,
				6CF4189C2D51BF7100E9FA08 /* malova_appTests */,
				6CF418A62D51BF7100E9FA08 /* malova_appUITests */,
				6CF418842D51BF6F00E9FA08 /* Products */,
			);
			sourceTree = "<group>";
		};
		6CF418842D51BF6F00E9FA08 /* Products */ = {
			isa = PBXGroup;
			children = (
				6CF418832D51BF6F00E9FA08 /* malova_app.app */,
				6CF418992D51BF7100E9FA08 /* malova_appTests.xctest */,
				6CF418A32D51BF7100E9FA08 /* malova_appUITests.xctest */,
			);
			name = Products;
			sourceTree = "<group>";
		};
		6CF418852D51BF6F00E9FA08 /* malova_app */ = {
			isa = PBXGroup;
			children = (
				6CF4192C2D527D7100E9FA08 /* Sertificates Screen */,
				6CF4192B2D527D5D00E9FA08 /* AboutClinic Screen */,
				6C33054F2D711EB9009D0098 /* FaceScanScreen */,
				6CF4192A2D527D4B00E9FA08 /* Procedures Screen */,
				6CF419272D527D1100E9FA08 /* Chat Screen */,
				6CF419262D527D0800E9FA08 /* Settings Screen */,
				6CF419252D527CE300E9FA08 /* Profile Screen */,
				6CF4191F2D51C42500E9FA08 /* MainScreen */,
				6CF419142D51C3B700E9FA08 /* LogInScreen */,
				6CF419092D51C31900E9FA08 /* SingInScreen */,
				6CF418F72D51C09C00E9FA08 /* WelcomeScreen */,
				6CF418862D51BF6F00E9FA08 /* AppDelegate.swift */,
				6CF418882D51BF6F00E9FA08 /* SceneDelegate.swift */,
				6CF4188F2D51BF7100E9FA08 /* Assets.xcassets */,
				6CF418912D51BF7100E9FA08 /* LaunchScreen.storyboard */,
				6CF418942D51BF7100E9FA08 /* Info.plist */,
				6CF419222D51C4FF00E9FA08 /* Fonts */,
			);
			path = malova_app;
			sourceTree = "<group>";
		};
		6CF4189C2D51BF7100E9FA08 /* malova_appTests */ = {
			isa = PBXGroup;
			children = (
				6CF4189D2D51BF7100E9FA08 /* malova_appTests.swift */,
			);
			path = malova_appTests;
			sourceTree = "<group>";
		};
		6CF418A62D51BF7100E9FA08 /* malova_appUITests */ = {
			isa = PBXGroup;
			children = (
				6CF418A72D51BF7100E9FA08 /* malova_appUITests.swift */,
				6CF418A92D51BF7100E9FA08 /* malova_appUITestsLaunchTests.swift */,
			);
			path = malova_appUITests;
			sourceTree = "<group>";
		};
		6CF418F72D51C09C00E9FA08 /* WelcomeScreen */ = {
			isa = PBXGroup;
			children = (
				6CF418F82D51C12F00E9FA08 /* WelcomeViewController.swift */,
				6CF419012D51C24700E9FA08 /* WelcomeInteractor.swift */,
				6CF419032D51C26600E9FA08 /* WelcomePresenter.swift */,
				6CF419052D51C2A600E9FA08 /* WelcomeRouter.swift */,
				6CF419072D51C2DF00E9FA08 /* WelcomeModel.swift */,
				6CBB629C2D5B7EAB00712175 /* WelcomeAssembly.swift */,
			);
			path = WelcomeScreen;
			sourceTree = "<group>";
		};
		6CF418FA2D51C1B500E9FA08 /* Helpers */ = {
			isa = PBXGroup;
			children = (
				6CF418FB2D51C1CA00E9FA08 /* UIView+Pin.swift */,
				6CF418FD2D51C20B00E9FA08 /* HEX.swift */,
				6CF418FF2D51C22000E9FA08 /* BackgroundPhoto.swift */,
				6C3305B42D74F179009D0098 /* procedures.json */,
			);
			path = Helpers;
			sourceTree = "<group>";
		};
		6CF419092D51C31900E9FA08 /* SingInScreen */ = {
			isa = PBXGroup;
			children = (
				6CF4190A2D51C33700E9FA08 /* SingInViewController.swift */,
				6CF4190C2D51C34C00E9FA08 /* SingInInteractor.swift */,
				6CF4190E2D51C36800E9FA08 /* SingInPresenter.swift */,
				6CF419102D51C38D00E9FA08 /* SingInRouter.swift */,
				6CF419122D51C39F00E9FA08 /* SingInModel.swift */,
				6CCA14AE2D69FD5B00C37E53 /* SingInAssembly.swift */,
			);
			path = SingInScreen;
			sourceTree = "<group>";
		};
		6CF419142D51C3B700E9FA08 /* LogInScreen */ = {
			isa = PBXGroup;
			children = (
				6CF419152D51C3E600E9FA08 /* LogInViewController.swift */,
				6CF419172D51C40400E9FA08 /* LogInInteractor.swift */,
				6CF419192D51C40E00E9FA08 /* LogInPresenter.swift */,
				6CF4191B2D51C41A00E9FA08 /* LogInRouter.swift */,
				6CF4191D2D51C42100E9FA08 /* LogInModel.swift */,
				6C3305432D711B9F009D0098 /* LogInAssembly.swift */,
			);
			path = LogInScreen;
			sourceTree = "<group>";
		};
		6CF4191F2D51C42500E9FA08 /* MainScreen */ = {
			isa = PBXGroup;
			children = (
				6CF419202D51C44A00E9FA08 /* MainViewController.swift */,
				6C3305452D711D05009D0098 /* MainInteractor.swift */,
				6C3305472D711D28009D0098 /* MainPresenter.swift */,
				6C3305492D711D45009D0098 /* MainRouter.swift */,
				6C33054B2D711E1A009D0098 /* MainModel.swift */,
				6C33054D2D711E2B009D0098 /* MainAssembly.swift */,
			);
			path = MainScreen;
			sourceTree = "<group>";
		};
		6CF419222D51C4FF00E9FA08 /* Fonts */ = {
			isa = PBXGroup;
			children = (
				6CBB62982D5B6CAA00712175 /* CustomFont.ttf */,
			);
			path = Fonts;
			sourceTree = "<group>";
		};
		6CF419252D527CE300E9FA08 /* Profile Screen */ = {
			isa = PBXGroup;
			children = (
				6CCA14AC2D69FBAA00C37E53 /* ProfileViewController.swift */,
				6C3305502D712248009D0098 /* ProfileModel.swift */,
				6C3305522D712268009D0098 /* ProfileRouter.swift */,
				6C3305542D71284F009D0098 /* ProfileInteractor.swift */,
				6C3305562D71287C009D0098 /* ProfilePresenter.swift */,
				6C3305582D7128F2009D0098 /* ProfileAssembly.swift */,
			);
			path = "Profile Screen";
			sourceTree = "<group>";
		};
		6CF419262D527D0800E9FA08 /* Settings Screen */ = {
			isa = PBXGroup;
			children = (
				6C33055A2D712B82009D0098 /* SettingsViewController.swift */,
				6C33055C2D712B90009D0098 /* SettingsPresenter.swift */,
				6C33055E2D712B9E009D0098 /* SettingsInteractor.swift */,
				6C3305602D712BA9009D0098 /* SettingsModel.swift */,
				6C3305622D712BC6009D0098 /* SettingsRouter.swift */,
				6C3305642D712BD1009D0098 /* SettingsAssembly.swift */,
			);
			path = "Settings Screen";
			sourceTree = "<group>";
		};
		6CF419272D527D1100E9FA08 /* Chat Screen */ = {
			isa = PBXGroup;
			children = (
			);
			path = "Chat Screen";
			sourceTree = "<group>";
		};
		6CF4192A2D527D4B00E9FA08 /* Procedures Screen */ = {
			isa = PBXGroup;
			children = (
				6C3305A82D74EE7D009D0098 /* ProceduresViewController.swift */,
				6C3305AA2D74EE90009D0098 /* ProceduresPresenter.swift */,
				6C3305AC2D74EE99009D0098 /* ProceduresInteractor.swift */,
				6C3305AE2D74EEA6009D0098 /* ProceduresModel.swift */,
				6C3305B02D74EEB3009D0098 /* ProceduresRouter.swift */,
				6C3305B22D74EEBD009D0098 /* ProceduresAssembly.swift */,
			);
			path = "Procedures Screen";
			sourceTree = "<group>";
		};
		6CF4192B2D527D5D00E9FA08 /* AboutClinic Screen */ = {
			isa = PBXGroup;
			children = (
			);
			path = "AboutClinic Screen";
			sourceTree = "<group>";
		};
		6CF4192C2D527D7100E9FA08 /* Sertificates Screen */ = {
			isa = PBXGroup;
			children = (
			);
			path = "Sertificates Screen";
			sourceTree = "<group>";
		};
/* End PBXGroup section */

/* Begin PBXNativeTarget section */
		6CF418822D51BF6F00E9FA08 /* malova_app */ = {
			isa = PBXNativeTarget;
			buildConfigurationList = 6CF418AD2D51BF7100E9FA08 /* Build configuration list for PBXNativeTarget "malova_app" */;
			buildPhases = (
				6CF4187F2D51BF6F00E9FA08 /* Sources */,
				6CF418802D51BF6F00E9FA08 /* Frameworks */,
				6CF418812D51BF6F00E9FA08 /* Resources */,
			);
			buildRules = (
			);
			dependencies = (
			);
			name = malova_app;
			packageProductDependencies = (
				6C3305BD2D76533D009D0098 /* FirebaseAnalytics */,
				6C3305BF2D76533D009D0098 /* FirebaseAnalyticsOnDeviceConversion */,
				6C3305C12D76533D009D0098 /* FirebaseAppCheck */,
				6C3305C32D76533D009D0098 /* FirebaseAppDistribution-Beta */,
				6C3305C52D76533D009D0098 /* FirebaseAuth */,
				6C3305C72D76533D009D0098 /* FirebaseAuthCombine-Community */,
				6C3305C92D76533D009D0098 /* FirebaseCore */,
				6C3305CB2D76533D009D0098 /* FirebaseCrashlytics */,
				6C3305CD2D76533D009D0098 /* FirebaseDatabase */,
				6C3305CF2D76533D009D0098 /* FirebaseDynamicLinks */,
				6C3305D12D76533D009D0098 /* FirebaseFirestore */,
				6C3305D32D76533D009D0098 /* FirebaseFirestoreCombine-Community */,
				6C3305D52D76533D009D0098 /* FirebaseFunctions */,
				6C3305D72D76533D009D0098 /* FirebaseFunctionsCombine-Community */,
				6C3305D92D76533D009D0098 /* FirebaseInAppMessaging-Beta */,
				6C3305DB2D76533D009D0098 /* FirebaseInstallations */,
				6C3305DD2D76533D009D0098 /* FirebaseMLModelDownloader */,
				6C3305DF2D76533D009D0098 /* FirebaseMessaging */,
				6C3305E12D76533D009D0098 /* FirebasePerformance */,
				6C3305E32D76533D009D0098 /* FirebaseRemoteConfig */,
				6C3305E52D76533D009D0098 /* FirebaseStorage */,
				6C3305E72D76533D009D0098 /* FirebaseStorageCombine-Community */,
				6C3305E92D76533D009D0098 /* FirebaseVertexAI */,
			);
			productName = malova_app;
			productReference = 6CF418832D51BF6F00E9FA08 /* malova_app.app */;
			productType = "com.apple.product-type.application";
		};
		6CF418982D51BF7100E9FA08 /* malova_appTests */ = {
			isa = PBXNativeTarget;
			buildConfigurationList = 6CF418B02D51BF7100E9FA08 /* Build configuration list for PBXNativeTarget "malova_appTests" */;
			buildPhases = (
				6CF418952D51BF7100E9FA08 /* Sources */,
				6CF418962D51BF7100E9FA08 /* Frameworks */,
				6CF418972D51BF7100E9FA08 /* Resources */,
			);
			buildRules = (
			);
			dependencies = (
				6CF4189B2D51BF7100E9FA08 /* PBXTargetDependency */,
			);
			name = malova_appTests;
			productName = malova_appTests;
			productReference = 6CF418992D51BF7100E9FA08 /* malova_appTests.xctest */;
			productType = "com.apple.product-type.bundle.unit-test";
		};
		6CF418A22D51BF7100E9FA08 /* malova_appUITests */ = {
			isa = PBXNativeTarget;
			buildConfigurationList = 6CF418B32D51BF7100E9FA08 /* Build configuration list for PBXNativeTarget "malova_appUITests" */;
			buildPhases = (
				6CF4189F2D51BF7100E9FA08 /* Sources */,
				6CF418A02D51BF7100E9FA08 /* Frameworks */,
				6CF418A12D51BF7100E9FA08 /* Resources */,
			);
			buildRules = (
			);
			dependencies = (
				6CF418A52D51BF7100E9FA08 /* PBXTargetDependency */,
			);
			name = malova_appUITests;
			productName = malova_appUITests;
			productReference = 6CF418A32D51BF7100E9FA08 /* malova_appUITests.xctest */;
			productType = "com.apple.product-type.bundle.ui-testing";
		};
/* End PBXNativeTarget section */

/* Begin PBXProject section */
		6CF4187B2D51BF6F00E9FA08 /* Project object */ = {
			isa = PBXProject;
			attributes = {
				BuildIndependentTargetsInParallel = 1;
				LastSwiftUpdateCheck = 1500;
				LastUpgradeCheck = 1500;
				TargetAttributes = {
					6CF418822D51BF6F00E9FA08 = {
						CreatedOnToolsVersion = 15.0.1;
					};
					6CF418982D51BF7100E9FA08 = {
						CreatedOnToolsVersion = 15.0.1;
						TestTargetID = 6CF418822D51BF6F00E9FA08;
					};
					6CF418A22D51BF7100E9FA08 = {
						CreatedOnToolsVersion = 15.0.1;
						TestTargetID = 6CF418822D51BF6F00E9FA08;
					};
				};
			};
			buildConfigurationList = 6CF4187E2D51BF6F00E9FA08 /* Build configuration list for PBXProject "malova_app" */;
			compatibilityVersion = "Xcode 14.0";
			developmentRegion = en;
			hasScannedForEncodings = 0;
			knownRegions = (
				en,
				Base,
			);
			mainGroup = 6CF4187A2D51BF6F00E9FA08;
			packageReferences = (
				6C3305BC2D76533D009D0098 /* XCRemoteSwiftPackageReference "firebase-ios-sdk" */,
			);
			productRefGroup = 6CF418842D51BF6F00E9FA08 /* Products */;
			projectDirPath = "";
			projectRoot = "";
			targets = (
				6CF418822D51BF6F00E9FA08 /* malova_app */,
				6CF418982D51BF7100E9FA08 /* malova_appTests */,
				6CF418A22D51BF7100E9FA08 /* malova_appUITests */,
			);
		};
/* End PBXProject section */

/* Begin PBXResourcesBuildPhase section */
		6CF418812D51BF6F00E9FA08 /* Resources */ = {
			isa = PBXResourcesBuildPhase;
			buildActionMask = 2147483647;
			files = (
				6CBB62992D5B6CAA00712175 /* CustomFont.ttf in Resources */,
				6CF418932D51BF7100E9FA08 /* LaunchScreen.storyboard in Resources */,
				6C3305B92D76518A009D0098 /* GoogleService-Info.plist in Resources */,
				6CF418902D51BF7100E9FA08 /* Assets.xcassets in Resources */,
				6C3305B52D74F179009D0098 /* procedures.json in Resources */,
			);
			runOnlyForDeploymentPostprocessing = 0;
		};
		6CF418972D51BF7100E9FA08 /* Resources */ = {
			isa = PBXResourcesBuildPhase;
			buildActionMask = 2147483647;
			files = (
				6CBB629A2D5B6CAA00712175 /* CustomFont.ttf in Resources */,
				6C3305B62D74F179009D0098 /* procedures.json in Resources */,
				6C3305BA2D76518A009D0098 /* GoogleService-Info.plist in Resources */,
			);
			runOnlyForDeploymentPostprocessing = 0;
		};
		6CF418A12D51BF7100E9FA08 /* Resources */ = {
			isa = PBXResourcesBuildPhase;
			buildActionMask = 2147483647;
			files = (
				6CBB629B2D5B6CAA00712175 /* CustomFont.ttf in Resources */,
				6C3305B72D74F179009D0098 /* procedures.json in Resources */,
				6C3305BB2D76518A009D0098 /* GoogleService-Info.plist in Resources */,
			);
			runOnlyForDeploymentPostprocessing = 0;
		};
/* End PBXResourcesBuildPhase section */

/* Begin PBXSourcesBuildPhase section */
		6CF4187F2D51BF6F00E9FA08 /* Sources */ = {
			isa = PBXSourcesBuildPhase;
			buildActionMask = 2147483647;
			files = (
				6C3305532D712268009D0098 /* ProfileRouter.swift in Sources */,
				6CF4190B2D51C33700E9FA08 /* SingInViewController.swift in Sources */,
				6C33054A2D711D45009D0098 /* MainRouter.swift in Sources */,
				6CF419212D51C44A00E9FA08 /* MainViewController.swift in Sources */,
				6CF418FC2D51C1CA00E9FA08 /* UIView+Pin.swift in Sources */,
				6CF419042D51C26600E9FA08 /* WelcomePresenter.swift in Sources */,
				6C3305B12D74EEB3009D0098 /* ProceduresRouter.swift in Sources */,
				6C3305482D711D28009D0098 /* MainPresenter.swift in Sources */,
				6CF419022D51C24700E9FA08 /* WelcomeInteractor.swift in Sources */,
				6CF419162D51C3E600E9FA08 /* LogInViewController.swift in Sources */,
				6C3305632D712BC6009D0098 /* SettingsRouter.swift in Sources */,
				6CF419062D51C2A600E9FA08 /* WelcomeRouter.swift in Sources */,
				6C3305592D7128F2009D0098 /* ProfileAssembly.swift in Sources */,
				6C3305572D71287C009D0098 /* ProfilePresenter.swift in Sources */,
				6C3305612D712BA9009D0098 /* SettingsModel.swift in Sources */,
				6C3305552D71284F009D0098 /* ProfileInteractor.swift in Sources */,
				6CCA14AF2D69FD5B00C37E53 /* SingInAssembly.swift in Sources */,
				6C33054E2D711E2B009D0098 /* MainAssembly.swift in Sources */,
				6CF419132D51C39F00E9FA08 /* SingInModel.swift in Sources */,
				6C3305B32D74EEBD009D0098 /* ProceduresAssembly.swift in Sources */,
				6C33055D2D712B90009D0098 /* SettingsPresenter.swift in Sources */,
				6CF4190D2D51C34C00E9FA08 /* SingInInteractor.swift in Sources */,
				6C3305AD2D74EE99009D0098 /* ProceduresInteractor.swift in Sources */,
				6C3305A92D74EE7D009D0098 /* ProceduresViewController.swift in Sources */,
				6C33054C2D711E1A009D0098 /* MainModel.swift in Sources */,
				6CF419182D51C40400E9FA08 /* LogInInteractor.swift in Sources */,
				6CF419082D51C2DF00E9FA08 /* WelcomeModel.swift in Sources */,
				6C3305442D711B9F009D0098 /* LogInAssembly.swift in Sources */,
				6CF418FE2D51C20B00E9FA08 /* HEX.swift in Sources */,
				6C3305512D712248009D0098 /* ProfileModel.swift in Sources */,
				6CF418F92D51C12F00E9FA08 /* WelcomeViewController.swift in Sources */,
				6CF418872D51BF6F00E9FA08 /* AppDelegate.swift in Sources */,
				6CF419002D51C22000E9FA08 /* BackgroundPhoto.swift in Sources */,
				6C33055F2D712B9E009D0098 /* SettingsInteractor.swift in Sources */,
				6CCA14AD2D69FBAA00C37E53 /* ProfileViewController.swift in Sources */,
				6C3305AB2D74EE90009D0098 /* ProceduresPresenter.swift in Sources */,
				6CF4190F2D51C36800E9FA08 /* SingInPresenter.swift in Sources */,
				6CF419112D51C38D00E9FA08 /* SingInRouter.swift in Sources */,
				6CBB629D2D5B7EAB00712175 /* WelcomeAssembly.swift in Sources */,
				6CF4191A2D51C40E00E9FA08 /* LogInPresenter.swift in Sources */,
				6CF4191E2D51C42100E9FA08 /* LogInModel.swift in Sources */,
				6CF4191C2D51C41A00E9FA08 /* LogInRouter.swift in Sources */,
				6C3305AF2D74EEA6009D0098 /* ProceduresModel.swift in Sources */,
				6CF418892D51BF6F00E9FA08 /* SceneDelegate.swift in Sources */,
				6C3305462D711D05009D0098 /* MainInteractor.swift in Sources */,
				6C3305652D712BD1009D0098 /* SettingsAssembly.swift in Sources */,
				6C33055B2D712B82009D0098 /* SettingsViewController.swift in Sources */,
			);
			runOnlyForDeploymentPostprocessing = 0;
		};
		6CF418952D51BF7100E9FA08 /* Sources */ = {
			isa = PBXSourcesBuildPhase;
			buildActionMask = 2147483647;
			files = (
				6CF4189E2D51BF7100E9FA08 /* malova_appTests.swift in Sources */,
				6CBB629E2D5B7EAB00712175 /* WelcomeAssembly.swift in Sources */,
			);
			runOnlyForDeploymentPostprocessing = 0;
		};
		6CF4189F2D51BF7100E9FA08 /* Sources */ = {
			isa = PBXSourcesBuildPhase;
			buildActionMask = 2147483647;
			files = (
				6CF418AA2D51BF7100E9FA08 /* malova_appUITestsLaunchTests.swift in Sources */,
				6CBB629F2D5B7EAB00712175 /* WelcomeAssembly.swift in Sources */,
				6CF418A82D51BF7100E9FA08 /* malova_appUITests.swift in Sources */,
			);
			runOnlyForDeploymentPostprocessing = 0;
		};
/* End PBXSourcesBuildPhase section */

/* Begin PBXTargetDependency section */
		6CF4189B2D51BF7100E9FA08 /* PBXTargetDependency */ = {
			isa = PBXTargetDependency;
			target = 6CF418822D51BF6F00E9FA08 /* malova_app */;
			targetProxy = 6CF4189A2D51BF7100E9FA08 /* PBXContainerItemProxy */;
		};
		6CF418A52D51BF7100E9FA08 /* PBXTargetDependency */ = {
			isa = PBXTargetDependency;
			target = 6CF418822D51BF6F00E9FA08 /* malova_app */;
			targetProxy = 6CF418A42D51BF7100E9FA08 /* PBXContainerItemProxy */;
		};
/* End PBXTargetDependency section */

/* Begin PBXVariantGroup section */
		6CF418912D51BF7100E9FA08 /* LaunchScreen.storyboard */ = {
			isa = PBXVariantGroup;
			children = (
				6CF418922D51BF7100E9FA08 /* Base */,
			);
			name = LaunchScreen.storyboard;
			sourceTree = "<group>";
		};
/* End PBXVariantGroup section */

/* Begin XCBuildConfiguration section */
		6CF418AB2D51BF7100E9FA08 /* Debug */ = {
			isa = XCBuildConfiguration;
			buildSettings = {
				ALWAYS_SEARCH_USER_PATHS = NO;
				ASSETCATALOG_COMPILER_GENERATE_SWIFT_ASSET_SYMBOL_EXTENSIONS = YES;
				CLANG_ANALYZER_NONNULL = YES;
				CLANG_ANALYZER_NUMBER_OBJECT_CONVERSION = YES_AGGRESSIVE;
				CLANG_CXX_LANGUAGE_STANDARD = "gnu++20";
				CLANG_ENABLE_MODULES = YES;
				CLANG_ENABLE_OBJC_ARC = YES;
				CLANG_ENABLE_OBJC_WEAK = YES;
				CLANG_WARN_BLOCK_CAPTURE_AUTORELEASING = YES;
				CLANG_WARN_BOOL_CONVERSION = YES;
				CLANG_WARN_COMMA = YES;
				CLANG_WARN_CONSTANT_CONVERSION = YES;
				CLANG_WARN_DEPRECATED_OBJC_IMPLEMENTATIONS = YES;
				CLANG_WARN_DIRECT_OBJC_ISA_USAGE = YES_ERROR;
				CLANG_WARN_DOCUMENTATION_COMMENTS = YES;
				CLANG_WARN_EMPTY_BODY = YES;
				CLANG_WARN_ENUM_CONVERSION = YES;
				CLANG_WARN_INFINITE_RECURSION = YES;
				CLANG_WARN_INT_CONVERSION = YES;
				CLANG_WARN_NON_LITERAL_NULL_CONVERSION = YES;
				CLANG_WARN_OBJC_IMPLICIT_RETAIN_SELF = YES;
				CLANG_WARN_OBJC_LITERAL_CONVERSION = YES;
				CLANG_WARN_OBJC_ROOT_CLASS = YES_ERROR;
				CLANG_WARN_QUOTED_INCLUDE_IN_FRAMEWORK_HEADER = YES;
				CLANG_WARN_RANGE_LOOP_ANALYSIS = YES;
				CLANG_WARN_STRICT_PROTOTYPES = YES;
				CLANG_WARN_SUSPICIOUS_MOVE = YES;
				CLANG_WARN_UNGUARDED_AVAILABILITY = YES_AGGRESSIVE;
				CLANG_WARN_UNREACHABLE_CODE = YES;
				CLANG_WARN__DUPLICATE_METHOD_MATCH = YES;
				COPY_PHASE_STRIP = NO;
				DEBUG_INFORMATION_FORMAT = dwarf;
				ENABLE_STRICT_OBJC_MSGSEND = YES;
				ENABLE_TESTABILITY = YES;
				ENABLE_USER_SCRIPT_SANDBOXING = YES;
				GCC_C_LANGUAGE_STANDARD = gnu17;
				GCC_DYNAMIC_NO_PIC = NO;
				GCC_NO_COMMON_BLOCKS = YES;
				GCC_OPTIMIZATION_LEVEL = 0;
				GCC_PREPROCESSOR_DEFINITIONS = (
					"DEBUG=1",
					"$(inherited)",
				);
				GCC_WARN_64_TO_32_BIT_CONVERSION = YES;
				GCC_WARN_ABOUT_RETURN_TYPE = YES_ERROR;
				GCC_WARN_UNDECLARED_SELECTOR = YES;
				GCC_WARN_UNINITIALIZED_AUTOS = YES_AGGRESSIVE;
				GCC_WARN_UNUSED_FUNCTION = YES;
				GCC_WARN_UNUSED_VARIABLE = YES;
				IPHONEOS_DEPLOYMENT_TARGET = 17.0;
				LOCALIZATION_PREFERS_STRING_CATALOGS = YES;
				MTL_ENABLE_DEBUG_INFO = INCLUDE_SOURCE;
				MTL_FAST_MATH = YES;
				ONLY_ACTIVE_ARCH = YES;
				SDKROOT = iphoneos;
				SWIFT_ACTIVE_COMPILATION_CONDITIONS = "DEBUG $(inherited)";
				SWIFT_OPTIMIZATION_LEVEL = "-Onone";
			};
			name = Debug;
		};
		6CF418AC2D51BF7100E9FA08 /* Release */ = {
			isa = XCBuildConfiguration;
			buildSettings = {
				ALWAYS_SEARCH_USER_PATHS = NO;
				ASSETCATALOG_COMPILER_GENERATE_SWIFT_ASSET_SYMBOL_EXTENSIONS = YES;
				CLANG_ANALYZER_NONNULL = YES;
				CLANG_ANALYZER_NUMBER_OBJECT_CONVERSION = YES_AGGRESSIVE;
				CLANG_CXX_LANGUAGE_STANDARD = "gnu++20";
				CLANG_ENABLE_MODULES = YES;
				CLANG_ENABLE_OBJC_ARC = YES;
				CLANG_ENABLE_OBJC_WEAK = YES;
				CLANG_WARN_BLOCK_CAPTURE_AUTORELEASING = YES;
				CLANG_WARN_BOOL_CONVERSION = YES;
				CLANG_WARN_COMMA = YES;
				CLANG_WARN_CONSTANT_CONVERSION = YES;
				CLANG_WARN_DEPRECATED_OBJC_IMPLEMENTATIONS = YES;
				CLANG_WARN_DIRECT_OBJC_ISA_USAGE = YES_ERROR;
				CLANG_WARN_DOCUMENTATION_COMMENTS = YES;
				CLANG_WARN_EMPTY_BODY = YES;
				CLANG_WARN_ENUM_CONVERSION = YES;
				CLANG_WARN_INFINITE_RECURSION = YES;
				CLANG_WARN_INT_CONVERSION = YES;
				CLANG_WARN_NON_LITERAL_NULL_CONVERSION = YES;
				CLANG_WARN_OBJC_IMPLICIT_RETAIN_SELF = YES;
				CLANG_WARN_OBJC_LITERAL_CONVERSION = YES;
				CLANG_WARN_OBJC_ROOT_CLASS = YES_ERROR;
				CLANG_WARN_QUOTED_INCLUDE_IN_FRAMEWORK_HEADER = YES;
				CLANG_WARN_RANGE_LOOP_ANALYSIS = YES;
				CLANG_WARN_STRICT_PROTOTYPES = YES;
				CLANG_WARN_SUSPICIOUS_MOVE = YES;
				CLANG_WARN_UNGUARDED_AVAILABILITY = YES_AGGRESSIVE;
				CLANG_WARN_UNREACHABLE_CODE = YES;
				CLANG_WARN__DUPLICATE_METHOD_MATCH = YES;
				COPY_PHASE_STRIP = NO;
				DEBUG_INFORMATION_FORMAT = "dwarf-with-dsym";
				ENABLE_NS_ASSERTIONS = NO;
				ENABLE_STRICT_OBJC_MSGSEND = YES;
				ENABLE_USER_SCRIPT_SANDBOXING = YES;
				GCC_C_LANGUAGE_STANDARD = gnu17;
				GCC_NO_COMMON_BLOCKS = YES;
				GCC_WARN_64_TO_32_BIT_CONVERSION = YES;
				GCC_WARN_ABOUT_RETURN_TYPE = YES_ERROR;
				GCC_WARN_UNDECLARED_SELECTOR = YES;
				GCC_WARN_UNINITIALIZED_AUTOS = YES_AGGRESSIVE;
				GCC_WARN_UNUSED_FUNCTION = YES;
				GCC_WARN_UNUSED_VARIABLE = YES;
				IPHONEOS_DEPLOYMENT_TARGET = 17.0;
				LOCALIZATION_PREFERS_STRING_CATALOGS = YES;
				MTL_ENABLE_DEBUG_INFO = NO;
				MTL_FAST_MATH = YES;
				SDKROOT = iphoneos;
				SWIFT_COMPILATION_MODE = wholemodule;
				VALIDATE_PRODUCT = YES;
			};
			name = Release;
		};
		6CF418AE2D51BF7100E9FA08 /* Debug */ = {
			isa = XCBuildConfiguration;
			buildSettings = {
				ASSETCATALOG_COMPILER_APPICON_NAME = AppIcon;
				ASSETCATALOG_COMPILER_GLOBAL_ACCENT_COLOR_NAME = AccentColor;
				CODE_SIGN_STYLE = Automatic;
				CURRENT_PROJECT_VERSION = 1;
				DEVELOPMENT_TEAM = YJ27HMNMT9;
				GENERATE_INFOPLIST_FILE = YES;
				INFOPLIST_FILE = malova_app/Info.plist;
				INFOPLIST_KEY_UIApplicationSupportsIndirectInputEvents = YES;
				INFOPLIST_KEY_UILaunchStoryboardName = LaunchScreen;
				INFOPLIST_KEY_UISupportedInterfaceOrientations_iPad = "UIInterfaceOrientationPortrait UIInterfaceOrientationPortraitUpsideDown UIInterfaceOrientationLandscapeLeft UIInterfaceOrientationLandscapeRight";
				INFOPLIST_KEY_UISupportedInterfaceOrientations_iPhone = "UIInterfaceOrientationPortrait UIInterfaceOrientationLandscapeLeft UIInterfaceOrientationLandscapeRight";
				LD_RUNPATH_SEARCH_PATHS = (
					"$(inherited)",
					"@executable_path/Frameworks",
				);
				MARKETING_VERSION = 1.0;
				PRODUCT_BUNDLE_IDENTIFIER = "me.malova-app";
				PRODUCT_NAME = "$(TARGET_NAME)";
				SWIFT_EMIT_LOC_STRINGS = YES;
				SWIFT_VERSION = 5.0;
				TARGETED_DEVICE_FAMILY = "1,2";
			};
			name = Debug;
		};
		6CF418AF2D51BF7100E9FA08 /* Release */ = {
			isa = XCBuildConfiguration;
			buildSettings = {
				ASSETCATALOG_COMPILER_APPICON_NAME = AppIcon;
				ASSETCATALOG_COMPILER_GLOBAL_ACCENT_COLOR_NAME = AccentColor;
				CODE_SIGN_STYLE = Automatic;
				CURRENT_PROJECT_VERSION = 1;
				DEVELOPMENT_TEAM = YJ27HMNMT9;
				GENERATE_INFOPLIST_FILE = YES;
				INFOPLIST_FILE = malova_app/Info.plist;
				INFOPLIST_KEY_UIApplicationSupportsIndirectInputEvents = YES;
				INFOPLIST_KEY_UILaunchStoryboardName = LaunchScreen;
				INFOPLIST_KEY_UISupportedInterfaceOrientations_iPad = "UIInterfaceOrientationPortrait UIInterfaceOrientationPortraitUpsideDown UIInterfaceOrientationLandscapeLeft UIInterfaceOrientationLandscapeRight";
				INFOPLIST_KEY_UISupportedInterfaceOrientations_iPhone = "UIInterfaceOrientationPortrait UIInterfaceOrientationLandscapeLeft UIInterfaceOrientationLandscapeRight";
				LD_RUNPATH_SEARCH_PATHS = (
					"$(inherited)",
					"@executable_path/Frameworks",
				);
				MARKETING_VERSION = 1.0;
				PRODUCT_BUNDLE_IDENTIFIER = "me.malova-app";
				PRODUCT_NAME = "$(TARGET_NAME)";
				SWIFT_EMIT_LOC_STRINGS = YES;
				SWIFT_VERSION = 5.0;
				TARGETED_DEVICE_FAMILY = "1,2";
			};
			name = Release;
		};
		6CF418B12D51BF7100E9FA08 /* Debug */ = {
			isa = XCBuildConfiguration;
			buildSettings = {
				ALWAYS_EMBED_SWIFT_STANDARD_LIBRARIES = YES;
				BUNDLE_LOADER = "$(TEST_HOST)";
				CODE_SIGN_STYLE = Automatic;
				CURRENT_PROJECT_VERSION = 1;
				GENERATE_INFOPLIST_FILE = YES;
				IPHONEOS_DEPLOYMENT_TARGET = 17.0;
				MARKETING_VERSION = 1.0;
				PRODUCT_BUNDLE_IDENTIFIER = "me.malova-appTests";
				PRODUCT_NAME = "$(TARGET_NAME)";
				SWIFT_EMIT_LOC_STRINGS = NO;
				SWIFT_VERSION = 5.0;
				TARGETED_DEVICE_FAMILY = "1,2";
				TEST_HOST = "$(BUILT_PRODUCTS_DIR)/malova_app.app/$(BUNDLE_EXECUTABLE_FOLDER_PATH)/malova_app";
			};
			name = Debug;
		};
		6CF418B22D51BF7100E9FA08 /* Release */ = {
			isa = XCBuildConfiguration;
			buildSettings = {
				ALWAYS_EMBED_SWIFT_STANDARD_LIBRARIES = YES;
				BUNDLE_LOADER = "$(TEST_HOST)";
				CODE_SIGN_STYLE = Automatic;
				CURRENT_PROJECT_VERSION = 1;
				GENERATE_INFOPLIST_FILE = YES;
				IPHONEOS_DEPLOYMENT_TARGET = 17.0;
				MARKETING_VERSION = 1.0;
				PRODUCT_BUNDLE_IDENTIFIER = "me.malova-appTests";
				PRODUCT_NAME = "$(TARGET_NAME)";
				SWIFT_EMIT_LOC_STRINGS = NO;
				SWIFT_VERSION = 5.0;
				TARGETED_DEVICE_FAMILY = "1,2";
				TEST_HOST = "$(BUILT_PRODUCTS_DIR)/malova_app.app/$(BUNDLE_EXECUTABLE_FOLDER_PATH)/malova_app";
			};
			name = Release;
		};
		6CF418B42D51BF7100E9FA08 /* Debug */ = {
			isa = XCBuildConfiguration;
			buildSettings = {
				ALWAYS_EMBED_SWIFT_STANDARD_LIBRARIES = YES;
				CODE_SIGN_STYLE = Automatic;
				CURRENT_PROJECT_VERSION = 1;
				GENERATE_INFOPLIST_FILE = YES;
				MARKETING_VERSION = 1.0;
				PRODUCT_BUNDLE_IDENTIFIER = "me.malova-appUITests";
				PRODUCT_NAME = "$(TARGET_NAME)";
				SWIFT_EMIT_LOC_STRINGS = NO;
				SWIFT_VERSION = 5.0;
				TARGETED_DEVICE_FAMILY = "1,2";
				TEST_TARGET_NAME = malova_app;
			};
			name = Debug;
		};
		6CF418B52D51BF7100E9FA08 /* Release */ = {
			isa = XCBuildConfiguration;
			buildSettings = {
				ALWAYS_EMBED_SWIFT_STANDARD_LIBRARIES = YES;
				CODE_SIGN_STYLE = Automatic;
				CURRENT_PROJECT_VERSION = 1;
				GENERATE_INFOPLIST_FILE = YES;
				MARKETING_VERSION = 1.0;
				PRODUCT_BUNDLE_IDENTIFIER = "me.malova-appUITests";
				PRODUCT_NAME = "$(TARGET_NAME)";
				SWIFT_EMIT_LOC_STRINGS = NO;
				SWIFT_VERSION = 5.0;
				TARGETED_DEVICE_FAMILY = "1,2";
				TEST_TARGET_NAME = malova_app;
			};
			name = Release;
		};
/* End XCBuildConfiguration section */

/* Begin XCConfigurationList section */
		6CF4187E2D51BF6F00E9FA08 /* Build configuration list for PBXProject "malova_app" */ = {
			isa = XCConfigurationList;
			buildConfigurations = (
				6CF418AB2D51BF7100E9FA08 /* Debug */,
				6CF418AC2D51BF7100E9FA08 /* Release */,
			);
			defaultConfigurationIsVisible = 0;
			defaultConfigurationName = Release;
		};
		6CF418AD2D51BF7100E9FA08 /* Build configuration list for PBXNativeTarget "malova_app" */ = {
			isa = XCConfigurationList;
			buildConfigurations = (
				6CF418AE2D51BF7100E9FA08 /* Debug */,
				6CF418AF2D51BF7100E9FA08 /* Release */,
			);
			defaultConfigurationIsVisible = 0;
			defaultConfigurationName = Release;
		};
		6CF418B02D51BF7100E9FA08 /* Build configuration list for PBXNativeTarget "malova_appTests" */ = {
			isa = XCConfigurationList;
			buildConfigurations = (
				6CF418B12D51BF7100E9FA08 /* Debug */,
				6CF418B22D51BF7100E9FA08 /* Release */,
			);
			defaultConfigurationIsVisible = 0;
			defaultConfigurationName = Release;
		};
		6CF418B32D51BF7100E9FA08 /* Build configuration list for PBXNativeTarget "malova_appUITests" */ = {
			isa = XCConfigurationList;
			buildConfigurations = (
				6CF418B42D51BF7100E9FA08 /* Debug */,
				6CF418B52D51BF7100E9FA08 /* Release */,
			);
			defaultConfigurationIsVisible = 0;
			defaultConfigurationName = Release;
		};
/* End XCConfigurationList section */

/* Begin XCRemoteSwiftPackageReference section */
		6C3305BC2D76533D009D0098 /* XCRemoteSwiftPackageReference "firebase-ios-sdk" */ = {
			isa = XCRemoteSwiftPackageReference;
			repositoryURL = "https://github.com/firebase/firebase-ios-sdk";
			requirement = {
				kind = upToNextMajorVersion;
				minimumVersion = 11.9.0;
			};
		};
/* End XCRemoteSwiftPackageReference section */

/* Begin XCSwiftPackageProductDependency section */
		6C3305BD2D76533D009D0098 /* FirebaseAnalytics */ = {
			isa = XCSwiftPackageProductDependency;
			package = 6C3305BC2D76533D009D0098 /* XCRemoteSwiftPackageReference "firebase-ios-sdk" */;
			productName = FirebaseAnalytics;
		};
		6C3305BF2D76533D009D0098 /* FirebaseAnalyticsOnDeviceConversion */ = {
			isa = XCSwiftPackageProductDependency;
			package = 6C3305BC2D76533D009D0098 /* XCRemoteSwiftPackageReference "firebase-ios-sdk" */;
			productName = FirebaseAnalyticsOnDeviceConversion;
		};
		6C3305C12D76533D009D0098 /* FirebaseAppCheck */ = {
			isa = XCSwiftPackageProductDependency;
			package = 6C3305BC2D76533D009D0098 /* XCRemoteSwiftPackageReference "firebase-ios-sdk" */;
			productName = FirebaseAppCheck;
		};
		6C3305C32D76533D009D0098 /* FirebaseAppDistribution-Beta */ = {
			isa = XCSwiftPackageProductDependency;
			package = 6C3305BC2D76533D009D0098 /* XCRemoteSwiftPackageReference "firebase-ios-sdk" */;
			productName = "FirebaseAppDistribution-Beta";
		};
		6C3305C52D76533D009D0098 /* FirebaseAuth */ = {
			isa = XCSwiftPackageProductDependency;
			package = 6C3305BC2D76533D009D0098 /* XCRemoteSwiftPackageReference "firebase-ios-sdk" */;
			productName = FirebaseAuth;
		};
		6C3305C72D76533D009D0098 /* FirebaseAuthCombine-Community */ = {
			isa = XCSwiftPackageProductDependency;
			package = 6C3305BC2D76533D009D0098 /* XCRemoteSwiftPackageReference "firebase-ios-sdk" */;
			productName = "FirebaseAuthCombine-Community";
		};
		6C3305C92D76533D009D0098 /* FirebaseCore */ = {
			isa = XCSwiftPackageProductDependency;
			package = 6C3305BC2D76533D009D0098 /* XCRemoteSwiftPackageReference "firebase-ios-sdk" */;
			productName = FirebaseCore;
		};
		6C3305CB2D76533D009D0098 /* FirebaseCrashlytics */ = {
			isa = XCSwiftPackageProductDependency;
			package = 6C3305BC2D76533D009D0098 /* XCRemoteSwiftPackageReference "firebase-ios-sdk" */;
			productName = FirebaseCrashlytics;
		};
		6C3305CD2D76533D009D0098 /* FirebaseDatabase */ = {
			isa = XCSwiftPackageProductDependency;
			package = 6C3305BC2D76533D009D0098 /* XCRemoteSwiftPackageReference "firebase-ios-sdk" */;
			productName = FirebaseDatabase;
		};
		6C3305CF2D76533D009D0098 /* FirebaseDynamicLinks */ = {
			isa = XCSwiftPackageProductDependency;
			package = 6C3305BC2D76533D009D0098 /* XCRemoteSwiftPackageReference "firebase-ios-sdk" */;
			productName = FirebaseDynamicLinks;
		};
		6C3305D12D76533D009D0098 /* FirebaseFirestore */ = {
			isa = XCSwiftPackageProductDependency;
			package = 6C3305BC2D76533D009D0098 /* XCRemoteSwiftPackageReference "firebase-ios-sdk" */;
			productName = FirebaseFirestore;
		};
		6C3305D32D76533D009D0098 /* FirebaseFirestoreCombine-Community */ = {
			isa = XCSwiftPackageProductDependency;
			package = 6C3305BC2D76533D009D0098 /* XCRemoteSwiftPackageReference "firebase-ios-sdk" */;
			productName = "FirebaseFirestoreCombine-Community";
		};
		6C3305D52D76533D009D0098 /* FirebaseFunctions */ = {
			isa = XCSwiftPackageProductDependency;
			package = 6C3305BC2D76533D009D0098 /* XCRemoteSwiftPackageReference "firebase-ios-sdk" */;
			productName = FirebaseFunctions;
		};
		6C3305D72D76533D009D0098 /* FirebaseFunctionsCombine-Community */ = {
			isa = XCSwiftPackageProductDependency;
			package = 6C3305BC2D76533D009D0098 /* XCRemoteSwiftPackageReference "firebase-ios-sdk" */;
			productName = "FirebaseFunctionsCombine-Community";
		};
		6C3305D92D76533D009D0098 /* FirebaseInAppMessaging-Beta */ = {
			isa = XCSwiftPackageProductDependency;
			package = 6C3305BC2D76533D009D0098 /* XCRemoteSwiftPackageReference "firebase-ios-sdk" */;
			productName = "FirebaseInAppMessaging-Beta";
		};
		6C3305DB2D76533D009D0098 /* FirebaseInstallations */ = {
			isa = XCSwiftPackageProductDependency;
			package = 6C3305BC2D76533D009D0098 /* XCRemoteSwiftPackageReference "firebase-ios-sdk" */;
			productName = FirebaseInstallations;
		};
		6C3305DD2D76533D009D0098 /* FirebaseMLModelDownloader */ = {
			isa = XCSwiftPackageProductDependency;
			package = 6C3305BC2D76533D009D0098 /* XCRemoteSwiftPackageReference "firebase-ios-sdk" */;
			productName = FirebaseMLModelDownloader;
		};
		6C3305DF2D76533D009D0098 /* FirebaseMessaging */ = {
			isa = XCSwiftPackageProductDependency;
			package = 6C3305BC2D76533D009D0098 /* XCRemoteSwiftPackageReference "firebase-ios-sdk" */;
			productName = FirebaseMessaging;
		};
		6C3305E12D76533D009D0098 /* FirebasePerformance */ = {
			isa = XCSwiftPackageProductDependency;
			package = 6C3305BC2D76533D009D0098 /* XCRemoteSwiftPackageReference "firebase-ios-sdk" */;
			productName = FirebasePerformance;
		};
		6C3305E32D76533D009D0098 /* FirebaseRemoteConfig */ = {
			isa = XCSwiftPackageProductDependency;
			package = 6C3305BC2D76533D009D0098 /* XCRemoteSwiftPackageReference "firebase-ios-sdk" */;
			productName = FirebaseRemoteConfig;
		};
		6C3305E52D76533D009D0098 /* FirebaseStorage */ = {
			isa = XCSwiftPackageProductDependency;
			package = 6C3305BC2D76533D009D0098 /* XCRemoteSwiftPackageReference "firebase-ios-sdk" */;
			productName = FirebaseStorage;
		};
		6C3305E72D76533D009D0098 /* FirebaseStorageCombine-Community */ = {
			isa = XCSwiftPackageProductDependency;
			package = 6C3305BC2D76533D009D0098 /* XCRemoteSwiftPackageReference "firebase-ios-sdk" */;
			productName = "FirebaseStorageCombine-Community";
		};
		6C3305E92D76533D009D0098 /* FirebaseVertexAI */ = {
			isa = XCSwiftPackageProductDependency;
			package = 6C3305BC2D76533D009D0098 /* XCRemoteSwiftPackageReference "firebase-ios-sdk" */;
			productName = FirebaseVertexAI;
		};
/* End XCSwiftPackageProductDependency section */
	};
	rootObject = 6CF4187B2D51BF6F00E9FA08 /* Project object */;
}
